// !$*UTF8*$!
{
	archiveVersion = 1;
	classes = {
	};
	objectVersion = 50;
	objects = {

/* Begin PBXBuildFile section */
		25453A2409000156CBCC6C24 /* Pods_LayoutDemo.framework in Frameworks */ = {isa = PBXBuildFile; fileRef = 95A9A7A75F4B11F4432C1DF3 /* Pods_LayoutDemo.framework */; };
		982831C4224F153D00C32EEB /* AudioEffectListController.swift in Sources */ = {isa = PBXBuildFile; fileRef = 982831C3224F153D00C32EEB /* AudioEffectListController.swift */; };
		982831C6224F159C00C32EEB /* AudioEffectListController+Ext.swift in Sources */ = {isa = PBXBuildFile; fileRef = 982831C5224F159C00C32EEB /* AudioEffectListController+Ext.swift */; };
		982831C8224F16B800C32EEB /* SingleObjMap.swift in Sources */ = {isa = PBXBuildFile; fileRef = 982831C7224F16B800C32EEB /* SingleObjMap.swift */; };
		982831CA224F182900C32EEB /* NSAttributedString+Extension.swift in Sources */ = {isa = PBXBuildFile; fileRef = 982831C9224F182900C32EEB /* NSAttributedString+Extension.swift */; };
		982831DE224F1C3700C32EEB /* Player_AudioEffect_2@1x.png in Resources */ = {isa = PBXBuildFile; fileRef = 982831CC224F1C3700C32EEB /* Player_AudioEffect_2@1x.png */; };
		982831DF224F1C3700C32EEB /* Player_AudioEffect_5@3x.png in Resources */ = {isa = PBXBuildFile; fileRef = 982831CD224F1C3700C32EEB /* Player_AudioEffect_5@3x.png */; };
		982831E0224F1C3700C32EEB /* Player_AudioEffect_5@2x.png in Resources */ = {isa = PBXBuildFile; fileRef = 982831CE224F1C3700C32EEB /* Player_AudioEffect_5@2x.png */; };
		982831E1224F1C3700C32EEB /* Player_AudioEffect_3@3x.png in Resources */ = {isa = PBXBuildFile; fileRef = 982831CF224F1C3700C32EEB /* Player_AudioEffect_3@3x.png */; };
		982831E2224F1C3700C32EEB /* Player_AudioEffect_1@2x.png in Resources */ = {isa = PBXBuildFile; fileRef = 982831D0224F1C3700C32EEB /* Player_AudioEffect_1@2x.png */; };
		982831E3224F1C3700C32EEB /* Player_AudioEffect_4@1x.png in Resources */ = {isa = PBXBuildFile; fileRef = 982831D1224F1C3700C32EEB /* Player_AudioEffect_4@1x.png */; };
		982831E4224F1C3700C32EEB /* Player_AudioEffect_1@3x.png in Resources */ = {isa = PBXBuildFile; fileRef = 982831D2224F1C3700C32EEB /* Player_AudioEffect_1@3x.png */; };
		982831E5224F1C3700C32EEB /* Player_AudioEffect_6@1x.png in Resources */ = {isa = PBXBuildFile; fileRef = 982831D3224F1C3700C32EEB /* Player_AudioEffect_6@1x.png */; };
		982831E6224F1C3700C32EEB /* Player_AudioEffect_3@2x.png in Resources */ = {isa = PBXBuildFile; fileRef = 982831D4224F1C3700C32EEB /* Player_AudioEffect_3@2x.png */; };
		982831E7224F1C3700C32EEB /* Player_AudioEffect_4@3x.png in Resources */ = {isa = PBXBuildFile; fileRef = 982831D5224F1C3700C32EEB /* Player_AudioEffect_4@3x.png */; };
		982831E8224F1C3700C32EEB /* Player_AudioEffect_6@2x.png in Resources */ = {isa = PBXBuildFile; fileRef = 982831D6224F1C3700C32EEB /* Player_AudioEffect_6@2x.png */; };
		982831E9224F1C3700C32EEB /* Player_AudioEffect_3@1x.png in Resources */ = {isa = PBXBuildFile; fileRef = 982831D7224F1C3700C32EEB /* Player_AudioEffect_3@1x.png */; };
		982831EA224F1C3700C32EEB /* Player_AudioEffect_6@3x.png in Resources */ = {isa = PBXBuildFile; fileRef = 982831D8224F1C3700C32EEB /* Player_AudioEffect_6@3x.png */; };
		982831EB224F1C3700C32EEB /* Player_AudioEffect_1@1x.png in Resources */ = {isa = PBXBuildFile; fileRef = 982831D9224F1C3700C32EEB /* Player_AudioEffect_1@1x.png */; };
		982831EC224F1C3700C32EEB /* Player_AudioEffect_4@2x.png in Resources */ = {isa = PBXBuildFile; fileRef = 982831DA224F1C3700C32EEB /* Player_AudioEffect_4@2x.png */; };
		982831ED224F1C3700C32EEB /* Player_AudioEffect_5@1x.png in Resources */ = {isa = PBXBuildFile; fileRef = 982831DB224F1C3700C32EEB /* Player_AudioEffect_5@1x.png */; };
		982831EE224F1C3700C32EEB /* Player_AudioEffect_2@3x.png in Resources */ = {isa = PBXBuildFile; fileRef = 982831DC224F1C3700C32EEB /* Player_AudioEffect_2@3x.png */; };
		982831EF224F1C3700C32EEB /* Player_AudioEffect_2@2x.png in Resources */ = {isa = PBXBuildFile; fileRef = 982831DD224F1C3700C32EEB /* Player_AudioEffect_2@2x.png */; };
		982831F2224F1E1F00C32EEB /* tips@2x.png in Resources */ = {isa = PBXBuildFile; fileRef = 982831F0224F1E1E00C32EEB /* tips@2x.png */; };
		982831F3224F1E1F00C32EEB /* tips@3x.png in Resources */ = {isa = PBXBuildFile; fileRef = 982831F1224F1E1F00C32EEB /* tips@3x.png */; };
		9835276B224E5A74004FA321 /* AppDelegate.swift in Sources */ = {isa = PBXBuildFile; fileRef = 9835276A224E5A74004FA321 /* AppDelegate.swift */; };
		9835276D224E5A74004FA321 /* ViewController.swift in Sources */ = {isa = PBXBuildFile; fileRef = 9835276C224E5A74004FA321 /* ViewController.swift */; };
		98352770224E5A74004FA321 /* Main.storyboard in Resources */ = {isa = PBXBuildFile; fileRef = 9835276E224E5A74004FA321 /* Main.storyboard */; };
		98352772224E5A76004FA321 /* Assets.xcassets in Resources */ = {isa = PBXBuildFile; fileRef = 98352771224E5A76004FA321 /* Assets.xcassets */; };
		98352775224E5A76004FA321 /* LaunchScreen.storyboard in Resources */ = {isa = PBXBuildFile; fileRef = 98352773224E5A76004FA321 /* LaunchScreen.storyboard */; };
/* End PBXBuildFile section */

/* Begin PBXFileReference section */
		01DE39E5425CEDFEE1243DFD /* Pods-LayoutDemo.debug.xcconfig */ = {isa = PBXFileReference; includeInIndex = 1; lastKnownFileType = text.xcconfig; name = "Pods-LayoutDemo.debug.xcconfig"; path = "Pods/Target Support Files/Pods-LayoutDemo/Pods-LayoutDemo.debug.xcconfig"; sourceTree = "<group>"; };
		95A9A7A75F4B11F4432C1DF3 /* Pods_LayoutDemo.framework */ = {isa = PBXFileReference; explicitFileType = wrapper.framework; includeInIndex = 0; path = Pods_LayoutDemo.framework; sourceTree = BUILT_PRODUCTS_DIR; };
		982831C3224F153D00C32EEB /* AudioEffectListController.swift */ = {isa = PBXFileReference; fileEncoding = 4; lastKnownFileType = sourcecode.swift; path = AudioEffectListController.swift; sourceTree = "<group>"; };
		982831C5224F159C00C32EEB /* AudioEffectListController+Ext.swift */ = {isa = PBXFileReference; lastKnownFileType = sourcecode.swift; path = "AudioEffectListController+Ext.swift"; sourceTree = "<group>"; };
		982831C7224F16B800C32EEB /* SingleObjMap.swift */ = {isa = PBXFileReference; fileEncoding = 4; lastKnownFileType = sourcecode.swift; path = SingleObjMap.swift; sourceTree = "<group>"; };
		982831C9224F182900C32EEB /* NSAttributedString+Extension.swift */ = {isa = PBXFileReference; fileEncoding = 4; lastKnownFileType = sourcecode.swift; path = "NSAttributedString+Extension.swift"; sourceTree = "<group>"; };
		982831CC224F1C3700C32EEB /* Player_AudioEffect_2@1x.png */ = {isa = PBXFileReference; lastKnownFileType = image.png; path = "Player_AudioEffect_2@1x.png"; sourceTree = "<group>"; };
		982831CD224F1C3700C32EEB /* Player_AudioEffect_5@3x.png */ = {isa = PBXFileReference; lastKnownFileType = image.png; path = "Player_AudioEffect_5@3x.png"; sourceTree = "<group>"; };
		982831CE224F1C3700C32EEB /* Player_AudioEffect_5@2x.png */ = {isa = PBXFileReference; lastKnownFileType = image.png; path = "Player_AudioEffect_5@2x.png"; sourceTree = "<group>"; };
		982831CF224F1C3700C32EEB /* Player_AudioEffect_3@3x.png */ = {isa = PBXFileReference; lastKnownFileType = image.png; path = "Player_AudioEffect_3@3x.png"; sourceTree = "<group>"; };
		982831D0224F1C3700C32EEB /* Player_AudioEffect_1@2x.png */ = {isa = PBXFileReference; lastKnownFileType = image.png; path = "Player_AudioEffect_1@2x.png"; sourceTree = "<group>"; };
		982831D1224F1C3700C32EEB /* Player_AudioEffect_4@1x.png */ = {isa = PBXFileReference; lastKnownFileType = image.png; path = "Player_AudioEffect_4@1x.png"; sourceTree = "<group>"; };
		982831D2224F1C3700C32EEB /* Player_AudioEffect_1@3x.png */ = {isa = PBXFileReference; lastKnownFileType = image.png; path = "Player_AudioEffect_1@3x.png"; sourceTree = "<group>"; };
		982831D3224F1C3700C32EEB /* Player_AudioEffect_6@1x.png */ = {isa = PBXFileReference; lastKnownFileType = image.png; path = "Player_AudioEffect_6@1x.png"; sourceTree = "<group>"; };
		982831D4224F1C3700C32EEB /* Player_AudioEffect_3@2x.png */ = {isa = PBXFileReference; lastKnownFileType = image.png; path = "Player_AudioEffect_3@2x.png"; sourceTree = "<group>"; };
		982831D5224F1C3700C32EEB /* Player_AudioEffect_4@3x.png */ = {isa = PBXFileReference; lastKnownFileType = image.png; path = "Player_AudioEffect_4@3x.png"; sourceTree = "<group>"; };
		982831D6224F1C3700C32EEB /* Player_AudioEffect_6@2x.png */ = {isa = PBXFileReference; lastKnownFileType = image.png; path = "Player_AudioEffect_6@2x.png"; sourceTree = "<group>"; };
		982831D7224F1C3700C32EEB /* Player_AudioEffect_3@1x.png */ = {isa = PBXFileReference; lastKnownFileType = image.png; path = "Player_AudioEffect_3@1x.png"; sourceTree = "<group>"; };
		982831D8224F1C3700C32EEB /* Player_AudioEffect_6@3x.png */ = {isa = PBXFileReference; lastKnownFileType = image.png; path = "Player_AudioEffect_6@3x.png"; sourceTree = "<group>"; };
		982831D9224F1C3700C32EEB /* Player_AudioEffect_1@1x.png */ = {isa = PBXFileReference; lastKnownFileType = image.png; path = "Player_AudioEffect_1@1x.png"; sourceTree = "<group>"; };
		982831DA224F1C3700C32EEB /* Player_AudioEffect_4@2x.png */ = {isa = PBXFileReference; lastKnownFileType = image.png; path = "Player_AudioEffect_4@2x.png"; sourceTree = "<group>"; };
		982831DB224F1C3700C32EEB /* Player_AudioEffect_5@1x.png */ = {isa = PBXFileReference; lastKnownFileType = image.png; path = "Player_AudioEffect_5@1x.png"; sourceTree = "<group>"; };
		982831DC224F1C3700C32EEB /* Player_AudioEffect_2@3x.png */ = {isa = PBXFileReference; lastKnownFileType = image.png; path = "Player_AudioEffect_2@3x.png"; sourceTree = "<group>"; };
		982831DD224F1C3700C32EEB /* Player_AudioEffect_2@2x.png */ = {isa = PBXFileReference; lastKnownFileType = image.png; path = "Player_AudioEffect_2@2x.png"; sourceTree = "<group>"; };
		982831F0224F1E1E00C32EEB /* tips@2x.png */ = {isa = PBXFileReference; lastKnownFileType = image.png; path = "tips@2x.png"; sourceTree = "<group>"; };
		982831F1224F1E1F00C32EEB /* tips@3x.png */ = {isa = PBXFileReference; lastKnownFileType = image.png; path = "tips@3x.png"; sourceTree = "<group>"; };
		98352767224E5A74004FA321 /* LayoutDemo.app */ = {isa = PBXFileReference; explicitFileType = wrapper.application; includeInIndex = 0; path = LayoutDemo.app; sourceTree = BUILT_PRODUCTS_DIR; };
		9835276A224E5A74004FA321 /* AppDelegate.swift */ = {isa = PBXFileReference; lastKnownFileType = sourcecode.swift; path = AppDelegate.swift; sourceTree = "<group>"; };
		9835276C224E5A74004FA321 /* ViewController.swift */ = {isa = PBXFileReference; lastKnownFileType = sourcecode.swift; path = ViewController.swift; sourceTree = "<group>"; };
		9835276F224E5A74004FA321 /* Base */ = {isa = PBXFileReference; lastKnownFileType = file.storyboard; name = Base; path = Base.lproj/Main.storyboard; sourceTree = "<group>"; };
		98352771224E5A76004FA321 /* Assets.xcassets */ = {isa = PBXFileReference; lastKnownFileType = folder.assetcatalog; path = Assets.xcassets; sourceTree = "<group>"; };
		98352774224E5A76004FA321 /* Base */ = {isa = PBXFileReference; lastKnownFileType = file.storyboard; name = Base; path = Base.lproj/LaunchScreen.storyboard; sourceTree = "<group>"; };
		98352776224E5A76004FA321 /* Info.plist */ = {isa = PBXFileReference; lastKnownFileType = text.plist.xml; path = Info.plist; sourceTree = "<group>"; };
		A722663B202F4DE299B98427 /* Pods-LayoutDemo.release.xcconfig */ = {isa = PBXFileReference; includeInIndex = 1; lastKnownFileType = text.xcconfig; name = "Pods-LayoutDemo.release.xcconfig"; path = "Pods/Target Support Files/Pods-LayoutDemo/Pods-LayoutDemo.release.xcconfig"; sourceTree = "<group>"; };
/* End PBXFileReference section */

/* Begin PBXFrameworksBuildPhase section */
		98352764224E5A74004FA321 /* Frameworks */ = {
			isa = PBXFrameworksBuildPhase;
			buildActionMask = 2147483647;
			files = (
				25453A2409000156CBCC6C24 /* Pods_LayoutDemo.framework in Frameworks */,
			);
			runOnlyForDeploymentPostprocessing = 0;
		};
/* End PBXFrameworksBuildPhase section */

/* Begin PBXGroup section */
		928D7ECF8BE5FEE28660CC83 /* Frameworks */ = {
			isa = PBXGroup;
			children = (
				95A9A7A75F4B11F4432C1DF3 /* Pods_LayoutDemo.framework */,
			);
			name = Frameworks;
			sourceTree = "<group>";
		};
		982831CB224F1C3700C32EEB /* imgs */ = {
			isa = PBXGroup;
			children = (
				982831F0224F1E1E00C32EEB /* tips@2x.png */,
				982831F1224F1E1F00C32EEB /* tips@3x.png */,
				982831CC224F1C3700C32EEB /* Player_AudioEffect_2@1x.png */,
				982831CD224F1C3700C32EEB /* Player_AudioEffect_5@3x.png */,
				982831CE224F1C3700C32EEB /* Player_AudioEffect_5@2x.png */,
				982831CF224F1C3700C32EEB /* Player_AudioEffect_3@3x.png */,
				982831D0224F1C3700C32EEB /* Player_AudioEffect_1@2x.png */,
				982831D1224F1C3700C32EEB /* Player_AudioEffect_4@1x.png */,
				982831D2224F1C3700C32EEB /* Player_AudioEffect_1@3x.png */,
				982831D3224F1C3700C32EEB /* Player_AudioEffect_6@1x.png */,
				982831D4224F1C3700C32EEB /* Player_AudioEffect_3@2x.png */,
				982831D5224F1C3700C32EEB /* Player_AudioEffect_4@3x.png */,
				982831D6224F1C3700C32EEB /* Player_AudioEffect_6@2x.png */,
				982831D7224F1C3700C32EEB /* Player_AudioEffect_3@1x.png */,
				982831D8224F1C3700C32EEB /* Player_AudioEffect_6@3x.png */,
				982831D9224F1C3700C32EEB /* Player_AudioEffect_1@1x.png */,
				982831DA224F1C3700C32EEB /* Player_AudioEffect_4@2x.png */,
				982831DB224F1C3700C32EEB /* Player_AudioEffect_5@1x.png */,
				982831DC224F1C3700C32EEB /* Player_AudioEffect_2@3x.png */,
				982831DD224F1C3700C32EEB /* Player_AudioEffect_2@2x.png */,
			);
			path = imgs;
			sourceTree = "<group>";
		};
		9835275E224E5A74004FA321 = {
			isa = PBXGroup;
			children = (
				98352769224E5A74004FA321 /* LayoutDemo */,
				98352768224E5A74004FA321 /* Products */,
				F04F3BB10C106A9364C3665A /* Pods */,
				928D7ECF8BE5FEE28660CC83 /* Frameworks */,
			);
			sourceTree = "<group>";
		};
		98352768224E5A74004FA321 /* Products */ = {
			isa = PBXGroup;
			children = (
				98352767224E5A74004FA321 /* LayoutDemo.app */,
			);
			name = Products;
			sourceTree = "<group>";
		};
		98352769224E5A74004FA321 /* LayoutDemo */ = {
			isa = PBXGroup;
			children = (
				9835276A224E5A74004FA321 /* AppDelegate.swift */,
				9835276C224E5A74004FA321 /* ViewController.swift */,
				982831C3224F153D00C32EEB /* AudioEffectListController.swift */,
				982831C5224F159C00C32EEB /* AudioEffectListController+Ext.swift */,
				982831C9224F182900C32EEB /* NSAttributedString+Extension.swift */,
				982831C7224F16B800C32EEB /* SingleObjMap.swift */,
				982831CB224F1C3700C32EEB /* imgs */,
				9835276E224E5A74004FA321 /* Main.storyboard */,
				98352771224E5A76004FA321 /* Assets.xcassets */,
				98352773224E5A76004FA321 /* LaunchScreen.storyboard */,
				98352776224E5A76004FA321 /* Info.plist */,
			);
			path = LayoutDemo;
			sourceTree = "<group>";
		};
		F04F3BB10C106A9364C3665A /* Pods */ = {
			isa = PBXGroup;
			children = (
				01DE39E5425CEDFEE1243DFD /* Pods-LayoutDemo.debug.xcconfig */,
				A722663B202F4DE299B98427 /* Pods-LayoutDemo.release.xcconfig */,
			);
			name = Pods;
			sourceTree = "<group>";
		};
/* End PBXGroup section */

/* Begin PBXNativeTarget section */
		98352766224E5A74004FA321 /* LayoutDemo */ = {
			isa = PBXNativeTarget;
			buildConfigurationList = 98352779224E5A76004FA321 /* Build configuration list for PBXNativeTarget "LayoutDemo" */;
			buildPhases = (
				A2BC75E10BD44C0CD14E2EE6 /* [CP] Check Pods Manifest.lock */,
				98352763224E5A74004FA321 /* Sources */,
				98352764224E5A74004FA321 /* Frameworks */,
				98352765224E5A74004FA321 /* Resources */,
				C6A7FAF11CD6504A65CF1C25 /* [CP] Embed Pods Frameworks */,
			);
			buildRules = (
			);
			dependencies = (
			);
			name = LayoutDemo;
			productName = LayoutDemo;
			productReference = 98352767224E5A74004FA321 /* LayoutDemo.app */;
			productType = "com.apple.product-type.application";
		};
/* End PBXNativeTarget section */

/* Begin PBXProject section */
		9835275F224E5A74004FA321 /* Project object */ = {
			isa = PBXProject;
			attributes = {
				LastSwiftUpdateCheck = 1020;
				LastUpgradeCheck = 1020;
				ORGANIZATIONNAME = tvguo;
				TargetAttributes = {
					98352766224E5A74004FA321 = {
						CreatedOnToolsVersion = 10.2;
					};
				};
			};
			buildConfigurationList = 98352762224E5A74004FA321 /* Build configuration list for PBXProject "LayoutDemo" */;
			compatibilityVersion = "Xcode 9.3";
			developmentRegion = en;
			hasScannedForEncodings = 0;
			knownRegions = (
				en,
				Base,
			);
			mainGroup = 9835275E224E5A74004FA321;
			productRefGroup = 98352768224E5A74004FA321 /* Products */;
			projectDirPath = "";
			projectRoot = "";
			targets = (
				98352766224E5A74004FA321 /* LayoutDemo */,
			);
		};
/* End PBXProject section */

/* Begin PBXResourcesBuildPhase section */
		98352765224E5A74004FA321 /* Resources */ = {
			isa = PBXResourcesBuildPhase;
			buildActionMask = 2147483647;
			files = (
				982831F3224F1E1F00C32EEB /* tips@3x.png in Resources */,
				982831E7224F1C3700C32EEB /* Player_AudioEffect_4@3x.png in Resources */,
				98352775224E5A76004FA321 /* LaunchScreen.storyboard in Resources */,
				982831E9224F1C3700C32EEB /* Player_AudioEffect_3@1x.png in Resources */,
				98352772224E5A76004FA321 /* Assets.xcassets in Resources */,
				982831E5224F1C3700C32EEB /* Player_AudioEffect_6@1x.png in Resources */,
				982831E8224F1C3700C32EEB /* Player_AudioEffect_6@2x.png in Resources */,
				982831EC224F1C3700C32EEB /* Player_AudioEffect_4@2x.png in Resources */,
				982831DF224F1C3700C32EEB /* Player_AudioEffect_5@3x.png in Resources */,
				982831ED224F1C3700C32EEB /* Player_AudioEffect_5@1x.png in Resources */,
				982831EE224F1C3700C32EEB /* Player_AudioEffect_2@3x.png in Resources */,
				982831E2224F1C3700C32EEB /* Player_AudioEffect_1@2x.png in Resources */,
				982831E0224F1C3700C32EEB /* Player_AudioEffect_5@2x.png in Resources */,
				982831EA224F1C3700C32EEB /* Player_AudioEffect_6@3x.png in Resources */,
				98352770224E5A74004FA321 /* Main.storyboard in Resources */,
				982831EB224F1C3700C32EEB /* Player_AudioEffect_1@1x.png in Resources */,
				982831E4224F1C3700C32EEB /* Player_AudioEffect_1@3x.png in Resources */,
				982831E1224F1C3700C32EEB /* Player_AudioEffect_3@3x.png in Resources */,
				982831E6224F1C3700C32EEB /* Player_AudioEffect_3@2x.png in Resources */,
				982831F2224F1E1F00C32EEB /* tips@2x.png in Resources */,
				982831EF224F1C3700C32EEB /* Player_AudioEffect_2@2x.png in Resources */,
				982831DE224F1C3700C32EEB /* Player_AudioEffect_2@1x.png in Resources */,
				982831E3224F1C3700C32EEB /* Player_AudioEffect_4@1x.png in Resources */,
			);
			runOnlyForDeploymentPostprocessing = 0;
		};
/* End PBXResourcesBuildPhase section */

/* Begin PBXShellScriptBuildPhase section */
		A2BC75E10BD44C0CD14E2EE6 /* [CP] Check Pods Manifest.lock */ = {
			isa = PBXShellScriptBuildPhase;
			buildActionMask = 2147483647;
			files = (
			);
			inputFileListPaths = (
			);
			inputPaths = (
				"${PODS_PODFILE_DIR_PATH}/Podfile.lock",
				"${PODS_ROOT}/Manifest.lock",
			);
			name = "[CP] Check Pods Manifest.lock";
			outputFileListPaths = (
			);
			outputPaths = (
				"$(DERIVED_FILE_DIR)/Pods-LayoutDemo-checkManifestLockResult.txt",
			);
			runOnlyForDeploymentPostprocessing = 0;
			shellPath = /bin/sh;
			shellScript = "diff \"${PODS_PODFILE_DIR_PATH}/Podfile.lock\" \"${PODS_ROOT}/Manifest.lock\" > /dev/null\nif [ $? != 0 ] ; then\n    # print error to STDERR\n    echo \"error: The sandbox is not in sync with the Podfile.lock. Run 'pod install' or update your CocoaPods installation.\" >&2\n    exit 1\nfi\n# This output is used by Xcode 'outputs' to avoid re-running this script phase.\necho \"SUCCESS\" > \"${SCRIPT_OUTPUT_FILE_0}\"\n";
			showEnvVarsInLog = 0;
		};
		C6A7FAF11CD6504A65CF1C25 /* [CP] Embed Pods Frameworks */ = {
			isa = PBXShellScriptBuildPhase;
			buildActionMask = 2147483647;
			files = (
			);
			inputFileListPaths = (
			);
			inputPaths = (
				"${SRCROOT}/Pods/Target Support Files/Pods-LayoutDemo/Pods-LayoutDemo-frameworks.sh",
				"${BUILT_PRODUCTS_DIR}/AnotherYogaWrapper/AnotherYogaWrapper.framework",
				"${BUILT_PRODUCTS_DIR}/TableViewAdaptor/TableViewAdaptor.framework",
				"${BUILT_PRODUCTS_DIR}/Yoga/yoga.framework",
				"${BUILT_PRODUCTS_DIR}/YogaKit/YogaKit.framework",
			);
			name = "[CP] Embed Pods Frameworks";
			outputFileListPaths = (
			);
			outputPaths = (
				"${TARGET_BUILD_DIR}/${FRAMEWORKS_FOLDER_PATH}/AnotherYogaWrapper.framework",
				"${TARGET_BUILD_DIR}/${FRAMEWORKS_FOLDER_PATH}/TableViewAdaptor.framework",
				"${TARGET_BUILD_DIR}/${FRAMEWORKS_FOLDER_PATH}/yoga.framework",
				"${TARGET_BUILD_DIR}/${FRAMEWORKS_FOLDER_PATH}/YogaKit.framework",
			);
			runOnlyForDeploymentPostprocessing = 0;
			shellPath = /bin/sh;
			shellScript = "\"${SRCROOT}/Pods/Target Support Files/Pods-LayoutDemo/Pods-LayoutDemo-frameworks.sh\"\n";
			showEnvVarsInLog = 0;
		};
/* End PBXShellScriptBuildPhase section */

/* Begin PBXSourcesBuildPhase section */
		98352763224E5A74004FA321 /* Sources */ = {
			isa = PBXSourcesBuildPhase;
			buildActionMask = 2147483647;
			files = (
				9835276D224E5A74004FA321 /* ViewController.swift in Sources */,
				982831C6224F159C00C32EEB /* AudioEffectListController+Ext.swift in Sources */,
				982831C4224F153D00C32EEB /* AudioEffectListController.swift in Sources */,
				982831CA224F182900C32EEB /* NSAttributedString+Extension.swift in Sources */,
				9835276B224E5A74004FA321 /* AppDelegate.swift in Sources */,
				982831C8224F16B800C32EEB /* SingleObjMap.swift in Sources */,
			);
			runOnlyForDeploymentPostprocessing = 0;
		};
/* End PBXSourcesBuildPhase section */

/* Begin PBXVariantGroup section */
		9835276E224E5A74004FA321 /* Main.storyboard */ = {
			isa = PBXVariantGroup;
			children = (
				9835276F224E5A74004FA321 /* Base */,
			);
			name = Main.storyboard;
			sourceTree = "<group>";
		};
		98352773224E5A76004FA321 /* LaunchScreen.storyboard */ = {
			isa = PBXVariantGroup;
			children = (
				98352774224E5A76004FA321 /* Base */,
			);
			name = LaunchScreen.storyboard;
			sourceTree = "<group>";
		};
/* End PBXVariantGroup section */

/* Begin XCBuildConfiguration section */
		98352777224E5A76004FA321 /* Debug */ = {
			isa = XCBuildConfiguration;
			buildSettings = {
				ALWAYS_SEARCH_USER_PATHS = NO;
				CLANG_ANALYZER_NONNULL = YES;
				CLANG_ANALYZER_NUMBER_OBJECT_CONVERSION = YES_AGGRESSIVE;
				CLANG_CXX_LANGUAGE_STANDARD = "gnu++14";
				CLANG_CXX_LIBRARY = "libc++";
				CLANG_ENABLE_MODULES = YES;
				CLANG_ENABLE_OBJC_ARC = YES;
				CLANG_ENABLE_OBJC_WEAK = YES;
				CLANG_WARN_BLOCK_CAPTURE_AUTORELEASING = YES;
				CLANG_WARN_BOOL_CONVERSION = YES;
				CLANG_WARN_COMMA = YES;
				CLANG_WARN_CONSTANT_CONVERSION = YES;
				CLANG_WARN_DEPRECATED_OBJC_IMPLEMENTATIONS = YES;
				CLANG_WARN_DIRECT_OBJC_ISA_USAGE = YES_ERROR;
				CLANG_WARN_DOCUMENTATION_COMMENTS = YES;
				CLANG_WARN_EMPTY_BODY = YES;
				CLANG_WARN_ENUM_CONVERSION = YES;
				CLANG_WARN_INFINITE_RECURSION = YES;
				CLANG_WARN_INT_CONVERSION = YES;
				CLANG_WARN_NON_LITERAL_NULL_CONVERSION = YES;
				CLANG_WARN_OBJC_IMPLICIT_RETAIN_SELF = YES;
				CLANG_WARN_OBJC_LITERAL_CONVERSION = YES;
				CLANG_WARN_OBJC_ROOT_CLASS = YES_ERROR;
				CLANG_WARN_RANGE_LOOP_ANALYSIS = YES;
				CLANG_WARN_STRICT_PROTOTYPES = YES;
				CLANG_WARN_SUSPICIOUS_MOVE = YES;
				CLANG_WARN_UNGUARDED_AVAILABILITY = YES_AGGRESSIVE;
				CLANG_WARN_UNREACHABLE_CODE = YES;
				CLANG_WARN__DUPLICATE_METHOD_MATCH = YES;
				CODE_SIGN_IDENTITY = "iPhone Developer";
				COPY_PHASE_STRIP = NO;
				DEBUG_INFORMATION_FORMAT = dwarf;
				ENABLE_STRICT_OBJC_MSGSEND = YES;
				ENABLE_TESTABILITY = YES;
				GCC_C_LANGUAGE_STANDARD = gnu11;
				GCC_DYNAMIC_NO_PIC = NO;
				GCC_NO_COMMON_BLOCKS = YES;
				GCC_OPTIMIZATION_LEVEL = 0;
				GCC_PREPROCESSOR_DEFINITIONS = (
					"DEBUG=1",
					"$(inherited)",
				);
				GCC_WARN_64_TO_32_BIT_CONVERSION = YES;
				GCC_WARN_ABOUT_RETURN_TYPE = YES_ERROR;
				GCC_WARN_UNDECLARED_SELECTOR = YES;
				GCC_WARN_UNINITIALIZED_AUTOS = YES_AGGRESSIVE;
				GCC_WARN_UNUSED_FUNCTION = YES;
				GCC_WARN_UNUSED_VARIABLE = YES;
				IPHONEOS_DEPLOYMENT_TARGET = 12.2;
				MTL_ENABLE_DEBUG_INFO = INCLUDE_SOURCE;
				MTL_FAST_MATH = YES;
				ONLY_ACTIVE_ARCH = YES;
				SDKROOT = iphoneos;
				SWIFT_ACTIVE_COMPILATION_CONDITIONS = DEBUG;
				SWIFT_OPTIMIZATION_LEVEL = "-Onone";
			};
			name = Debug;
		};
		98352778224E5A76004FA321 /* Release */ = {
			isa = XCBuildConfiguration;
			buildSettings = {
				ALWAYS_SEARCH_USER_PATHS = NO;
				CLANG_ANALYZER_NONNULL = YES;
				CLANG_ANALYZER_NUMBER_OBJECT_CONVERSION = YES_AGGRESSIVE;
				CLANG_CXX_LANGUAGE_STANDARD = "gnu++14";
				CLANG_CXX_LIBRARY = "libc++";
				CLANG_ENABLE_MODULES = YES;
				CLANG_ENABLE_OBJC_ARC = YES;
				CLANG_ENABLE_OBJC_WEAK = YES;
				CLANG_WARN_BLOCK_CAPTURE_AUTORELEASING = YES;
				CLANG_WARN_BOOL_CONVERSION = YES;
				CLANG_WARN_COMMA = YES;
				CLANG_WARN_CONSTANT_CONVERSION = YES;
				CLANG_WARN_DEPRECATED_OBJC_IMPLEMENTATIONS = YES;
				CLANG_WARN_DIRECT_OBJC_ISA_USAGE = YES_ERROR;
				CLANG_WARN_DOCUMENTATION_COMMENTS = YES;
				CLANG_WARN_EMPTY_BODY = YES;
				CLANG_WARN_ENUM_CONVERSION = YES;
				CLANG_WARN_INFINITE_RECURSION = YES;
				CLANG_WARN_INT_CONVERSION = YES;
				CLANG_WARN_NON_LITERAL_NULL_CONVERSION = YES;
				CLANG_WARN_OBJC_IMPLICIT_RETAIN_SELF = YES;
				CLANG_WARN_OBJC_LITERAL_CONVERSION = YES;
				CLANG_WARN_OBJC_ROOT_CLASS = YES_ERROR;
				CLANG_WARN_RANGE_LOOP_ANALYSIS = YES;
				CLANG_WARN_STRICT_PROTOTYPES = YES;
				CLANG_WARN_SUSPICIOUS_MOVE = YES;
				CLANG_WARN_UNGUARDED_AVAILABILITY = YES_AGGRESSIVE;
				CLANG_WARN_UNREACHABLE_CODE = YES;
				CLANG_WARN__DUPLICATE_METHOD_MATCH = YES;
				CODE_SIGN_IDENTITY = "iPhone Developer";
				COPY_PHASE_STRIP = NO;
				DEBUG_INFORMATION_FORMAT = "dwarf-with-dsym";
				ENABLE_NS_ASSERTIONS = NO;
				ENABLE_STRICT_OBJC_MSGSEND = YES;
				GCC_C_LANGUAGE_STANDARD = gnu11;
				GCC_NO_COMMON_BLOCKS = YES;
				GCC_WARN_64_TO_32_BIT_CONVERSION = YES;
				GCC_WARN_ABOUT_RETURN_TYPE = YES_ERROR;
				GCC_WARN_UNDECLARED_SELECTOR = YES;
				GCC_WARN_UNINITIALIZED_AUTOS = YES_AGGRESSIVE;
				GCC_WARN_UNUSED_FUNCTION = YES;
				GCC_WARN_UNUSED_VARIABLE = YES;
				IPHONEOS_DEPLOYMENT_TARGET = 12.2;
				MTL_ENABLE_DEBUG_INFO = NO;
				MTL_FAST_MATH = YES;
				SDKROOT = iphoneos;
				SWIFT_COMPILATION_MODE = wholemodule;
				SWIFT_OPTIMIZATION_LEVEL = "-O";
				VALIDATE_PRODUCT = YES;
			};
			name = Release;
		};
		9835277A224E5A76004FA321 /* Debug */ = {
			isa = XCBuildConfiguration;
			baseConfigurationReference = 01DE39E5425CEDFEE1243DFD /* Pods-LayoutDemo.debug.xcconfig */;
			buildSettings = {
				ASSETCATALOG_COMPILER_APPICON_NAME = AppIcon;
				CODE_SIGN_STYLE = Automatic;
				INFOPLIST_FILE = LayoutDemo/Info.plist;
				IPHONEOS_DEPLOYMENT_TARGET = 9.0;
				LD_RUNPATH_SEARCH_PATHS = (
					"$(inherited)",
					"@executable_path/Frameworks",
				);
				PRODUCT_BUNDLE_IDENTIFIER = com.tvguo.LayoutDemo;
				PRODUCT_NAME = "$(TARGET_NAME)";
				SWIFT_VERSION = 5.0;
				TARGETED_DEVICE_FAMILY = "1,2";
			};
			name = Debug;
		};
		9835277B224E5A76004FA321 /* Release */ = {
			isa = XCBuildConfiguration;
			baseConfigurationReference = A722663B202F4DE299B98427 /* Pods-LayoutDemo.release.xcconfig */;
			buildSettings = {
				ASSETCATALOG_COMPILER_APPICON_NAME = AppIcon;
				CODE_SIGN_STYLE = Automatic;
				INFOPLIST_FILE = LayoutDemo/Info.plist;
				IPHONEOS_DEPLOYMENT_TARGET = 9.0;
				LD_RUNPATH_SEARCH_PATHS = (
					"$(inherited)",
					"@executable_path/Frameworks",
				);
				PRODUCT_BUNDLE_IDENTIFIER = com.tvguo.LayoutDemo;
				PRODUCT_NAME = "$(TARGET_NAME)";
				SWIFT_VERSION = 5.0;
				TARGETED_DEVICE_FAMILY = "1,2";
			};
			name = Release;
		};
/* End XCBuildConfiguration section */

/* Begin XCConfigurationList section */
		98352762224E5A74004FA321 /* Build configuration list for PBXProject "LayoutDemo" */ = {
			isa = XCConfigurationList;
			buildConfigurations = (
				98352777224E5A76004FA321 /* Debug */,
				98352778224E5A76004FA321 /* Release */,
			);
			defaultConfigurationIsVisible = 0;
			defaultConfigurationName = Release;
		};
		98352779224E5A76004FA321 /* Build configuration list for PBXNativeTarget "LayoutDemo" */ = {
			isa = XCConfigurationList;
			buildConfigurations = (
				9835277A224E5A76004FA321 /* Debug */,
				9835277B224E5A76004FA321 /* Release */,
			);
			defaultConfigurationIsVisible = 0;
			defaultConfigurationName = Release;
		};
/* End XCConfigurationList section */
	};
	rootObject = 9835275F224E5A74004FA321 /* Project object */;
}
