PODS:
  - AnotherYogaWrapper (0.0.1):
    - YogaKit (~> 1.9)
  - TableViewAdaptor (0.0.1)
  - Yoga (1.14.0)
  - YogaKit (1.14.0):
    - Yoga (~> 1.14)

DEPENDENCIES:
  - AnotherYogaWrapper (from `../AnotherYogaWrapper.podspec`)
  - TableViewAdaptor (from `https://github.com/dengcqw/Another-UITableView-Adaptor.git`)

SPEC REPOS:
  https://github.com/cocoapods/specs.git:
    - Yoga
    - YogaKit

EXTERNAL SOURCES:
  AnotherYogaWrapper:
    :path: "../AnotherYogaWrapper.podspec"
  TableViewAdaptor:
    :git: https://github.com/dengcqw/Another-UITableView-Adaptor.git

CHECKOUT OPTIONS:
  TableViewAdaptor:
    :commit: 4d8283d033f4fc3c21cf0504fc7181e861496268
    :git: https://github.com/dengcqw/Another-UITableView-Adaptor.git

SPEC CHECKSUMS:
  AnotherYogaWrapper: 08e774f19c5cb87987dc0d57f218915f14407743
  TableViewAdaptor: 144524686e7549b48610071fc4584bfc55e56df2
  Yoga: cff67a400f6b74dc38eb0bad4f156673d9aa980c
  YogaKit: 5d1dc899cecd5946e5a758a0c3997704a4b48d01

PODFILE CHECKSUM: f78fc3370d7ba973f61cbfdac8b40cbdf6cd6d87

COCOAPODS: 1.6.1
